<?xml version="1.0" encoding="utf-8"?>
<Project ToolsVersion="4.0" xmlns="http://schemas.microsoft.com/developer/msbuild/2003">
  <ItemGroup>
    <ClCompile Include="FileHandler.cpp">
      <Filter>Source Files</Filter>
    </ClCompile>
    <ClCompile Include="Game.cpp">
      <Filter>Source Files</Filter>
    </ClCompile>
    <ClCompile Include="Main.cpp">
      <Filter>Source Files</Filter>
    </ClCompile>
    <ClCompile Include="OnMouseClick.cpp">
      <Filter>Source Files</Filter>
    </ClCompile>
    <ClCompile Include="pch.cpp">
      <Filter>Source Files</Filter>
    </ClCompile>
  </ItemGroup>
  <ItemGroup>
    <ClInclude Include="Buttons.h">
      <Filter>Header Files</Filter>
    </ClInclude>
    <ClInclude Include="FileHandler.h">
      <Filter>Header Files</Filter>
    </ClInclude>
    <ClInclude Include="Game.h">
      <Filter>Header Files</Filter>
    </ClInclude>
    <ClInclude Include="pch.h">
      <Filter>Header Files</Filter>
    </ClInclude>
    <ClInclude Include="ShapeColors.h">
      <Filter>Header Files</Filter>
    </ClInclude>
    <ClInclude Include="StepTimer.h">
      <Filter>Header Files</Filter>
    </ClInclude>
  </ItemGroup>
  <ItemGroup>
    <Media Include="Media\beep-07.wav">
      <Filter>Media Files</Filter>
    </Media>
    <Media Include="Media\button-10.wav">
      <Filter>Media Files</Filter>
    </Media>
    <Media Include="Media\button-11.wav">
      <Filter>Media Files</Filter>
    </Media>
    <Media Include="Media\Reaction_Time_Song.wav">
      <Filter>Media Files</Filter>
    </Media>
  </ItemGroup>
  <ItemGroup>
    <Filter Include="Header Files">
      <UniqueIdentifier>{d1a0eff9-ffbb-4168-a871-b92b263b5ea4}</UniqueIdentifier>
    </Filter>
    <Filter Include="Media Files">
      <UniqueIdentifier>{795ea108-880f-45d9-8c11-891e90682c7e}</UniqueIdentifier>
    </Filter>
    <Filter Include="Resources">
      <UniqueIdentifier>{8f4d706a-409b-408b-bfb9-e8e44a4b7c70}</UniqueIdentifier>
    </Filter>
    <Filter Include="Source Files">
      <UniqueIdentifier>{71564d0f-3e0e-4a2e-ab14-42b661fd9c01}</UniqueIdentifier>
    </Filter>
  </ItemGroup>
  <ItemGroup>
    <Image Include="Media\directx.ico">
      <Filter>Media Files</Filter>
    </Image>
  </ItemGroup>
  <ItemGroup>
    <None Include="Media\myfile.spritefont">
      <Filter>Media Files</Filter>
    </None>
  </ItemGroup>
  <ItemGroup>
    <ResourceCompile Include="resource.rc">
      <Filter>Resources</Filter>
    </ResourceCompile>
  </ItemGroup>
  <ItemGroup>
    <Manifest Include="settings.manifest">
      <Filter>Resources</Filter>
    </Manifest>
  </ItemGroup>
</Project>